
Microsoft Visual Studio Solution File, Format Version 12.00
# Visual Studio Version 16
VisualStudioVersion = 16.0.29613.14
MinimumVisualStudioVersion = 10.0.40219.1
Project("{FAE04EC0-301F-11D3-BF4B-00C04F79EFBC}") = "KryptonIssue", "KryptonIssue\KryptonIssue.csproj", "{F2942CEB-6BE0-45F5-ACD8-43AB94C0B523}"
EndProject
Global
	GlobalSection(SolutionConfigurationPlatforms) = preSolution
		Debug|Any CPU = Debug|Any CPU
		Release|Any CPU = Release|Any CPU
	EndGlobalSection
	GlobalSection(ProjectConfigurationPlatforms) = postSolution
		{F2942CEB-6BE0-45F5-ACD8-43AB94C0B523}.Debug|Any CPU.ActiveCfg = Debug|Any CPU
		{F2942CEB-6BE0-45F5-ACD8-43AB94C0B523}.Debug|Any CPU.Build.0 = Debug|Any CPU
		{F2942CEB-6BE0-45F5-ACD8-43AB94C0B523}.Release|Any CPU.ActiveCfg = Release|Any CPU
		{F2942CEB-6BE0-45F5-ACD8-43AB94C0B523}.Release|Any CPU.Build.0 = Release|Any CPU
	EndGlobalSection
	GlobalSection(SolutionProperties) = preSolution
		HideSolutionNode = FALSE
	EndGlobalSection
	GlobalSection(ExtensibilityGlobals) = postSolution
		SolutionGuid = {5A7C3438-85EA-4A84-9823-A93FF933A572}
	EndGlobalSection
EndGlobal
